<?xml version="1.0" encoding="utf-8"?>
<Project ToolsVersion="4.0" xmlns="http://schemas.microsoft.com/developer/msbuild/2003">
  <ItemGroup>
    <Filter Include="Source Files">
      <UniqueIdentifier>{4FC737F1-C7A5-4376-A066-2A32D752A2FF}</UniqueIdentifier>
      <Extensions>cpp;c;cc;cxx;def;odl;idl;hpj;bat;asm;asmx</Extensions>
    </Filter>
    <Filter Include="Header Files">
      <UniqueIdentifier>{93995380-89BD-4b04-88EB-625FBE52EBFB}</UniqueIdentifier>
      <Extensions>h;hh;hpp;hxx;hm;inl;inc;ipp;xsd</Extensions>
    </Filter>
    <Filter Include="Resource Files">
      <UniqueIdentifier>{67DA6AB6-F800-4c08-8B7A-83BB121AAD01}</UniqueIdentifier>
      <Extensions>rc;ico;cur;bmp;dlg;rc2;rct;bin;rgs;gif;jpg;jpeg;jpe;resx;tiff;tif;png;wav;mfcribbon-ms</Extensions>
    </Filter>
    <Filter Include="Header Files\Strings">
      <UniqueIdentifier>{937ee4c8-6f6a-4419-854c-2a00953a2bd3}</UniqueIdentifier>
    </Filter>
    <Filter Include="Source Files\Strings">
      <UniqueIdentifier>{7760a0a0-0d37-4b38-bd17-a855a9a27f8c}</UniqueIdentifier>
    </Filter>
    <Filter Include="Header Files\Functions">
      <UniqueIdentifier>{e302d1c9-d093-4587-bf15-5260868431e4}</UniqueIdentifier>
    </Filter>
    <Filter Include="Source Files\Functions">
      <UniqueIdentifier>{3797929f-1f68-4b91-ba1f-085016bbcf4b}</UniqueIdentifier>
    </Filter>
  </ItemGroup>
  <ItemGroup>
    <ClCompile Include="config.cpp">
      <Filter>Source Files</Filter>
    </ClCompile>
    <ClCompile Include="String_errors.cpp">
      <Filter>Source Files\Strings</Filter>
    </ClCompile>
    <ClCompile Include="Strings.cpp">
      <Filter>Source Files\Strings</Filter>
    </ClCompile>
    <ClCompile Include="String_info.cpp">
      <Filter>Source Files\Strings</Filter>
    </ClCompile>
    <ClCompile Include="String_progress.cpp">
      <Filter>Source Files\Strings</Filter>
    </ClCompile>
    <ClCompile Include="Declare.cpp">
      <Filter>Source Files\Functions</Filter>
    </ClCompile>
    <ClCompile Include="design.cpp">
      <Filter>Source Files\Functions</Filter>
    </ClCompile>
    <ClCompile Include="Instance.cpp">
      <Filter>Source Files\Functions</Filter>
    </ClCompile>
    <ClCompile Include="objects.cpp">
      <Filter>Source Files\Functions</Filter>
    </ClCompile>
    <ClCompile Include="SCADA.cpp">
      <Filter>Source Files\Functions</Filter>
    </ClCompile>
    <ClCompile Include="signals.cpp">
      <Filter>Source Files\Functions</Filter>
    </ClCompile>
    <ClCompile Include="AboutForm.cpp">
      <Filter>Source Files</Filter>
    </ClCompile>
    <ClCompile Include="HelpForm.cpp">
      <Filter>Source Files</Filter>
    </ClCompile>
    <ClCompile Include="KKS_editForm.cpp">
      <Filter>Source Files</Filter>
    </ClCompile>
    <ClCompile Include="MainWindow.cpp">
      <Filter>Source Files</Filter>
    </ClCompile>
    <ClCompile Include="Object_check_Form.cpp">
      <Filter>Source Files</Filter>
    </ClCompile>
  </ItemGroup>
  <ItemGroup>
    <ClInclude Include="MainWindow.h">
      <Filter>Header Files</Filter>
    </ClInclude>
    <ClInclude Include="resource.h">
      <Filter>Header Files</Filter>
    </ClInclude>
    <ClInclude Include="AboutForm.h">
      <Filter>Header Files</Filter>
    </ClInclude>
    <ClInclude Include="HelpForm.h">
      <Filter>Header Files</Filter>
    </ClInclude>
    <ClInclude Include="String_errors.h">
      <Filter>Header Files\Strings</Filter>
    </ClInclude>
    <ClInclude Include="Strings.h">
      <Filter>Header Files\Strings</Filter>
    </ClInclude>
    <ClInclude Include="String_info.h">
      <Filter>Header Files\Strings</Filter>
    </ClInclude>
    <ClInclude Include="KKS_editForm.h">
      <Filter>Header Files</Filter>
    </ClInclude>
    <ClInclude Include="String_progress.h">
      <Filter>Header Files\Strings</Filter>
    </ClInclude>
    <ClInclude Include="Declare.h">
      <Filter>Header Files\Functions</Filter>
    </ClInclude>
    <ClInclude Include="design.h">
      <Filter>Header Files\Functions</Filter>
    </ClInclude>
    <ClInclude Include="Instance.h">
      <Filter>Header Files\Functions</Filter>
    </ClInclude>
    <ClInclude Include="objects.h">
      <Filter>Header Files\Functions</Filter>
    </ClInclude>
    <ClInclude Include="SCADA.h">
      <Filter>Header Files\Functions</Filter>
    </ClInclude>
    <ClInclude Include="signals.h">
      <Filter>Header Files\Functions</Filter>
    </ClInclude>
    <ClInclude Include="config.h">
      <Filter>Header Files</Filter>
    </ClInclude>
    <ClInclude Include="Object_check_Form.h">
      <Filter>Header Files</Filter>
    </ClInclude>
  </ItemGroup>
  <ItemGroup>
    <ResourceCompile Include="IO_list_automation.rc">
      <Filter>Resource Files</Filter>
    </ResourceCompile>
  </ItemGroup>
  <ItemGroup>
    <Image Include="icon1.ico">
      <Filter>Resource Files</Filter>
    </Image>
    <Image Include="icon2.ico">
      <Filter>Resource Files</Filter>
    </Image>
    <Image Include="ico00001.ico">
      <Filter>Resource Files</Filter>
    </Image>
    <Image Include="icon.ico">
      <Filter>Resource Files</Filter>
    </Image>
    <Image Include="icon_small.ico">
      <Filter>Resource Files</Filter>
    </Image>
  </ItemGroup>
  <ItemGroup>
    <EmbeddedResource Include="MainWindow.resx">
      <Filter>Resource Files</Filter>
    </EmbeddedResource>
    <EmbeddedResource Include="AboutForm.resx">
      <Filter>Resource Files</Filter>
    </EmbeddedResource>
    <EmbeddedResource Include="HelpForm.resx">
      <Filter>Resource Files</Filter>
    </EmbeddedResource>
    <EmbeddedResource Include="KKS_editForm.resx">
      <Filter>Resource Files</Filter>
    </EmbeddedResource>
  </ItemGroup>
</Project>