<?xml version="1.0" encoding="utf-8"?>
<Project ToolsVersion="4.0" xmlns="http://schemas.microsoft.com/developer/msbuild/2003">
  <ItemGroup>
    <Filter Include="Source Files">
      <UniqueIdentifier>{4FC737F1-C7A5-4376-A066-2A32D752A2FF}</UniqueIdentifier>
      <Extensions>cpp;c;cc;cxx;def;odl;idl;hpj;bat;asm;asmx</Extensions>
    </Filter>
    <Filter Include="Header Files">
      <UniqueIdentifier>{93995380-89BD-4b04-88EB-625FBE52EBFB}</UniqueIdentifier>
      <Extensions>h;hh;hpp;hxx;hm;inl;inc;ipp;xsd</Extensions>
    </Filter>
    <Filter Include="Resource Files">
      <UniqueIdentifier>{67DA6AB6-F800-4c08-8B7A-83BB121AAD01}</UniqueIdentifier>
      <Extensions>rc;ico;cur;bmp;dlg;rc2;rct;bin;rgs;gif;jpg;jpeg;jpe;resx;tiff;tif;png;wav;mfcribbon-ms</Extensions>
    </Filter>
    <Filter Include="Header Files\Functions">
      <UniqueIdentifier>{e302d1c9-d093-4587-bf15-5260868431e4}</UniqueIdentifier>
    </Filter>
    <Filter Include="Source Files\Functions">
      <UniqueIdentifier>{3797929f-1f68-4b91-ba1f-085016bbcf4b}</UniqueIdentifier>
    </Filter>
    <Filter Include="Header Files\Functions\Instances">
      <UniqueIdentifier>{402ca779-271f-4964-8d05-7430b61f1e72}</UniqueIdentifier>
    </Filter>
    <Filter Include="Source Files\Functions\Instances">
      <UniqueIdentifier>{aed93b05-6bd4-49aa-be58-eaa3ae34dd15}</UniqueIdentifier>
    </Filter>
    <Filter Include="Header Files\Forms">
      <UniqueIdentifier>{e013502a-2342-4512-bf77-6da8d79e7fd9}</UniqueIdentifier>
    </Filter>
    <Filter Include="Header Files\Functions\Scada Instances">
      <UniqueIdentifier>{90a58b8b-41ff-4e32-b7bb-08eefa509f4a}</UniqueIdentifier>
    </Filter>
    <Filter Include="Source Files\Functions\Scada_instances">
      <UniqueIdentifier>{c8a72bda-b38d-438d-be51-27ac04029b5d}</UniqueIdentifier>
    </Filter>
  </ItemGroup>
  <ItemGroup>
    <ClCompile Include="Declare.cpp">
      <Filter>Source Files\Functions</Filter>
    </ClCompile>
    <ClCompile Include="design.cpp">
      <Filter>Source Files\Functions</Filter>
    </ClCompile>
    <ClCompile Include="objects.cpp">
      <Filter>Source Files\Functions</Filter>
    </ClCompile>
    <ClCompile Include="signals.cpp">
      <Filter>Source Files\Functions</Filter>
    </ClCompile>
    <ClCompile Include="AboutForm.cpp">
      <Filter>Source Files</Filter>
    </ClCompile>
    <ClCompile Include="HelpForm.cpp">
      <Filter>Source Files</Filter>
    </ClCompile>
    <ClCompile Include="KKS_editForm.cpp">
      <Filter>Source Files</Filter>
    </ClCompile>
    <ClCompile Include="MainWindow.cpp">
      <Filter>Source Files</Filter>
    </ClCompile>
    <ClCompile Include="Object_check_Form.cpp">
      <Filter>Source Files</Filter>
    </ClCompile>
    <ClCompile Include="Global_Functions.cpp">
      <Filter>Source Files\Functions</Filter>
    </ClCompile>
    <ClCompile Include="Address_Form.cpp">
      <Filter>Source Files</Filter>
    </ClCompile>
    <ClCompile Include="ResultForm.cpp">
      <Filter>Source Files</Filter>
    </ClCompile>
    <ClCompile Include="IO_declare.cpp">
      <Filter>Source Files\Functions</Filter>
    </ClCompile>
    <ClCompile Include="Instance_beckhoff.cpp">
      <Filter>Source Files\Functions\Instances</Filter>
    </ClCompile>
    <ClCompile Include="Instance_siemens.cpp">
      <Filter>Source Files\Functions\Instances</Filter>
    </ClCompile>
    <ClCompile Include="Instance_schneider.cpp">
      <Filter>Source Files\Functions\Instances</Filter>
    </ClCompile>
    <ClCompile Include="Instance.cpp">
      <Filter>Source Files\Functions\Instances</Filter>
    </ClCompile>
    <ClCompile Include="IO_Form.cpp">
      <Filter>Source Files</Filter>
    </ClCompile>
    <ClCompile Include="tests.cpp">
      <Filter>Source Files\Functions</Filter>
    </ClCompile>
    <ClCompile Include="config.cpp">
      <Filter>Source Files\Functions</Filter>
    </ClCompile>
    <ClCompile Include="Compare_result.cpp">
      <Filter>Source Files</Filter>
    </ClCompile>
    <ClCompile Include="Trend_data.cpp">
      <Filter>Source Files\Functions</Filter>
    </ClCompile>
    <ClCompile Include="Instance _scada.cpp">
      <Filter>Source Files\Functions\Scada_instances</Filter>
    </ClCompile>
    <ClCompile Include="Instance_platform.cpp">
      <Filter>Source Files\Functions\Scada_instances</Filter>
    </ClCompile>
    <ClCompile Include="Instance_wincc.cpp">
      <Filter>Source Files\Functions\Scada_instances</Filter>
    </ClCompile>
    <ClCompile Include="Strings.cpp">
      <Filter>Source Files\Functions</Filter>
    </ClCompile>
  </ItemGroup>
  <ItemGroup>
    <ClInclude Include="MainWindow.h">
      <Filter>Header Files</Filter>
    </ClInclude>
    <ClInclude Include="resource.h">
      <Filter>Header Files</Filter>
    </ClInclude>
    <ClInclude Include="AboutForm.h">
      <Filter>Header Files</Filter>
    </ClInclude>
    <ClInclude Include="HelpForm.h">
      <Filter>Header Files</Filter>
    </ClInclude>
    <ClInclude Include="KKS_editForm.h">
      <Filter>Header Files</Filter>
    </ClInclude>
    <ClInclude Include="Declare.h">
      <Filter>Header Files\Functions</Filter>
    </ClInclude>
    <ClInclude Include="design.h">
      <Filter>Header Files\Functions</Filter>
    </ClInclude>
    <ClInclude Include="objects.h">
      <Filter>Header Files\Functions</Filter>
    </ClInclude>
    <ClInclude Include="signals.h">
      <Filter>Header Files\Functions</Filter>
    </ClInclude>
    <ClInclude Include="Object_check_Form.h">
      <Filter>Header Files</Filter>
    </ClInclude>
    <ClInclude Include="Global_Functions.h">
      <Filter>Header Files\Functions</Filter>
    </ClInclude>
    <ClInclude Include="Address_Form.h">
      <Filter>Header Files</Filter>
    </ClInclude>
    <ClInclude Include="ResultForm.h">
      <Filter>Header Files</Filter>
    </ClInclude>
    <ClInclude Include="IO_declare.h">
      <Filter>Header Files\Functions</Filter>
    </ClInclude>
    <ClInclude Include="Instance_beckhoff.h">
      <Filter>Header Files\Functions\Instances</Filter>
    </ClInclude>
    <ClInclude Include="Instance_siemens.h">
      <Filter>Header Files\Functions\Instances</Filter>
    </ClInclude>
    <ClInclude Include="Instance_schneider.h">
      <Filter>Header Files\Functions\Instances</Filter>
    </ClInclude>
    <ClInclude Include="Instance.h">
      <Filter>Header Files\Functions\Instances</Filter>
    </ClInclude>
    <ClInclude Include="IO_Form.h">
      <Filter>Header Files</Filter>
    </ClInclude>
    <ClInclude Include="tests.h">
      <Filter>Header Files\Functions</Filter>
    </ClInclude>
    <ClInclude Include="config.h">
      <Filter>Header Files\Functions</Filter>
    </ClInclude>
    <ClInclude Include="Compare_result.h">
      <Filter>Header Files\Forms</Filter>
    </ClInclude>
    <ClInclude Include="Trend_data.h">
      <Filter>Header Files\Functions</Filter>
    </ClInclude>
    <ClInclude Include="Instance_scada.h">
      <Filter>Header Files\Functions\Scada Instances</Filter>
    </ClInclude>
    <ClInclude Include="Instance_winCC.h">
      <Filter>Header Files\Functions\Scada Instances</Filter>
    </ClInclude>
    <ClInclude Include="Instance_platform.h">
      <Filter>Header Files\Functions\Scada Instances</Filter>
    </ClInclude>
    <ClInclude Include="Strings.h">
      <Filter>Header Files\Functions</Filter>
    </ClInclude>
  </ItemGroup>
  <ItemGroup>
    <ResourceCompile Include="IO_list_automation.rc">
      <Filter>Resource Files</Filter>
    </ResourceCompile>
  </ItemGroup>
  <ItemGroup>
    <Image Include="icon1.ico">
      <Filter>Resource Files</Filter>
    </Image>
    <Image Include="icon2.ico">
      <Filter>Resource Files</Filter>
    </Image>
    <Image Include="ico00001.ico">
      <Filter>Resource Files</Filter>
    </Image>
    <Image Include="icon.ico">
      <Filter>Resource Files</Filter>
    </Image>
    <Image Include="icon_small.ico">
      <Filter>Resource Files</Filter>
    </Image>
  </ItemGroup>
  <ItemGroup>
    <EmbeddedResource Include="MainWindow.resx">
      <Filter>Resource Files</Filter>
    </EmbeddedResource>
    <EmbeddedResource Include="AboutForm.resx">
      <Filter>Resource Files</Filter>
    </EmbeddedResource>
    <EmbeddedResource Include="HelpForm.resx">
      <Filter>Resource Files</Filter>
    </EmbeddedResource>
    <EmbeddedResource Include="KKS_editForm.resx">
      <Filter>Resource Files</Filter>
    </EmbeddedResource>
    <EmbeddedResource Include="Object_check_Form.resx">
      <Filter>Resource Files</Filter>
    </EmbeddedResource>
    <EmbeddedResource Include="Address_Form.resx">
      <Filter>Resource Files</Filter>
    </EmbeddedResource>
    <EmbeddedResource Include="ResultForm.resx">
      <Filter>Resource Files</Filter>
    </EmbeddedResource>
    <EmbeddedResource Include="IO_Form.resx">
      <Filter>Resource Files</Filter>
    </EmbeddedResource>
    <EmbeddedResource Include="Compare_result.resx">
      <Filter>Resource Files</Filter>
    </EmbeddedResource>
  </ItemGroup>
  <ItemGroup>
    <Text Include="_cfg.txt">
      <Filter>Resource Files</Filter>
    </Text>
  </ItemGroup>
</Project>